<?xml version="1.0" encoding="UTF-8" standalone="yes" ?>
<CodeBlocks_project_file>
	<FileVersion major="1" minor="6" />
	<Project>
		<Option title="wx_test" />
		<Option platforms="Windows;" />
		<Option pch_mode="0" />
		<Option compiler="gcc" />
		<Option extended_obj_names="1" />
		<Build>
			<Target title="Debug">
				<Option platforms="Windows;" />
				<Option output="Debug/wx_test" prefix_auto="1" extension_auto="1" />
				<Option object_output="Debug/" />
				<Option type="0" />
				<Option compiler="gcc" />
				<Option projectLinkerOptionsRelation="2" />
				<Compiler>
					<Add option="-m64" />
					<Add option="-g" />
					<Add option="-D__WXDEBUG__" />
					<Add directory="$(wxwin)/lib/gcc_lib/mswud" />
				</Compiler>
				<ResourceCompiler>
					<Add directory="$(wxwin)/lib/gcc_lib/mswud" />
				</ResourceCompiler>
				<Linker>
					<Add option="-m64" />
					<Add library="libwxmsw30ud.a" />
					<Add library="libwxpngd.a" />
					<Add library="libwxjpegd.a" />
					<Add library="libwxtiffd.a" />
					<Add library="libwxzlibd.a" />
					<Add directory="$(wxwin)/lib/gcc_lib" />
				</Linker>
			</Target>
			<Target title="Release">
				<Option output="bin/Release/wx_test" prefix_auto="1" extension_auto="1" />
				<Option object_output="obj/Release/" />
				<Option type="0" />
				<Option compiler="gcc" />
				<Option projectLinkerOptionsRelation="2" />
				<Compiler>
					<Add option="-O2" />
					<Add directory="$(wxwin)/lib/gcc_lib/mswu" />
				</Compiler>
				<ResourceCompiler>
					<Add directory="$(wxwin)/lib/gcc_lib/mswu" />
				</ResourceCompiler>
				<Linker>
					<Add option="-s" />
					<Add library="libwxmsw30u.a" />
					<Add library="libwxpng.a" />
					<Add library="libwxjpeg.a" />
					<Add library="libwxtiff.a" />
					<Add library="libwxzlib.a" />
					<Add directory="$(wxwin)/lib/gcc_lib" />
				</Linker>
			</Target>
		</Build>
		<Compiler>
			<Add option="-Wall" />
			<Add option="`wx-config --cflags --static --cxxflags`" />
			<Add option="-pipe" />
			<Add option="-mthreads" />
			<Add option="-Winvalid-pch" />
			<Add option="-include wx_pch.h" />
			<Add option="-D__MINGW64__" />
			<Add option="-D__GNUWIN32__" />
			<Add option="-D__WIN64__" />
			<Add option="-D__WXMSW__" />
			<Add option="-DwxUSE_UNICODE" />
			<Add option="-DWX_PRECOMP" />
			<Add directory="$(wxwin)/include" />
		</Compiler>
		<ResourceCompiler>
			<Add directory="$(wxwin)/include" />
		</ResourceCompiler>
		<Linker>
			<Add option="-mthreads" />
			<Add option="`wx-config --libs --static`" />
			<Add library="libkernel32.a" />
			<Add library="libuser32.a" />
			<Add library="libgdi32.a" />
			<Add library="libwinspool.a" />
			<Add library="libcomdlg32.a" />
			<Add library="libadvapi32.a" />
			<Add library="libshell32.a" />
			<Add library="libole32.a" />
			<Add library="liboleaut32.a" />
			<Add library="libuuid.a" />
			<Add library="libcomctl32.a" />
			<Add library="libwsock32.a" />
			<Add library="libodbc32.a" />
		</Linker>
		<Unit filename="resource.rc">
			<Option compilerVar="WINDRES" />
		</Unit>
		<Unit filename="wx_pch.h">
			<Option compile="1" />
			<Option weight="0" />
		</Unit>
		<Unit filename="wx_testApp.cpp" />
		<Unit filename="wx_testApp.h" />
		<Unit filename="wx_testMain.cpp" />
		<Unit filename="wx_testMain.h" />
		<Unit filename="wxsmith/wx_testframe.wxs" />
		<Extensions>
			<code_completion />
			<envvars />
			<debugger />
			<wxsmith version="1">
				<gui name="wxWidgets" src="wx_testApp.cpp" main="wx_testFrame" init_handlers="necessary" language="CPP" />
				<resources>
					<wxFrame wxs="wxsmith/wx_testframe.wxs" src="wx_testMain.cpp" hdr="wx_testMain.h" fwddecl="0" i18n="1" name="wx_testFrame" language="CPP" />
				</resources>
			</wxsmith>
		</Extensions>
	</Project>
</CodeBlocks_project_file>
