<?xml version="1.0" encoding="UTF-8" standalone="yes" ?>
<CodeBlocks_project_file>
	<FileVersion major="1" minor="6" />
	<Project>
		<Option title="vectors" />
		<Option makefile="makefile" />
		<Option pch_mode="2" />
		<Option compiler="gcc" />
		<Build>
			<Target title="Debug">
				<Option output="bin/Debug/vectors" prefix_auto="1" extension_auto="1" />
				<Option object_output="obj/Debug/" />
				<Option type="1" />
				<Option compiler="gcc" />
				<Compiler>
					<Add option="-std=c++11" />
					<Add option="-g" />
				</Compiler>
			</Target>
			<Target title="Release">
				<Option output="bin/Release/vectors" prefix_auto="1" extension_auto="1" />
				<Option object_output="obj/Release/" />
				<Option type="1" />
				<Option compiler="gcc" />
				<Compiler>
					<Add option="-O2" />
				</Compiler>
				<Linker>
					<Add option="-s" />
				</Linker>
			</Target>
		</Build>
		<Compiler>
			<Add option="-Wall" />
			<Add option="-std=c++11" />
			<Add option="-fexceptions" />
		</Compiler>
		<Unit filename="Doxyfile" />
		<Unit filename="book.cpp" />
		<Unit filename="book.h" />
		<Unit filename="catalog.cpp" />
		<Unit filename="catalog.h" />
		<Unit filename="longCatalog.txt" />
		<Unit filename="make.dep" />
		<Unit filename="makefile" />
		<Unit filename="mergeCatalogs.cpp" />
		<Unit filename="testCatalog.cpp" />
		<Unit filename="tinyCatalog.txt" />
		<Unit filename="tinyCatalog2.txt" />
		<Unit filename="unittest.cpp" />
		<Unit filename="unittest.h" />
		<Unit filename="vectors.cbp" />
		<Unit filename="vectors.depend" />
		<Extensions>
			<code_completion />
			<envvars />
			<debugger />
			<lib_finder disable_auto="1" />
		</Extensions>
	</Project>
</CodeBlocks_project_file>
